
Microsoft Visual Studio Solution File, Format Version 12.00
# Visual Studio 15
VisualStudioVersion = 15.0.27130.2027
MinimumVisualStudioVersion = 10.0.40219.1
Project("{9A19103F-16F7-4668-BE54-9A1E7A4F7556}") = "MH.Admin", "MH.Admin\MH.Admin.csproj", "{90594840-C23D-4E77-888E-2DD73AD230EC}"
EndProject
Project("{9A19103F-16F7-4668-BE54-9A1E7A4F7556}") = "MH.Web", "MH.Web\MH.Web.csproj", "{D146E63D-C2A7-4D32-BEE0-3DEF5DCBDBC3}"
EndProject
Project("{9A19103F-16F7-4668-BE54-9A1E7A4F7556}") = "MH.ConsoleTest", "ConsoleTest\MH.ConsoleTest.csproj", "{415C4950-F550-4B63-BB0E-EFBBADED0B12}"
EndProject
Project("{2150E333-8FDC-42A3-9474-1A3956D46DE8}") = "Core.NetStandard2.0.3", "Core.NetStandard2.0.3", "{7509050A-CF67-4826-8341-94F303E7EF9E}"
EndProject
Project("{2150E333-8FDC-42A3-9474-1A3956D46DE8}") = "Context.NetStandard2.0.3", "Context.NetStandard2.0.3", "{2DAA8958-0EFF-4297-BAA5-0B1846980BB8}"
EndProject
Project("{2150E333-8FDC-42A3-9474-1A3956D46DE8}") = "Run.NetCore2.1", "Run.NetCore2.1", "{E081ECC8-09D5-41E2-8C85-CA18C201CD5E}"
EndProject
Project("{9A19103F-16F7-4668-BE54-9A1E7A4F7556}") = "MH.MongoDB", "MongoDBHelper\MH.MongoDB.csproj", "{5EBE74B8-6892-44E9-A44D-F62EF55601F6}"
EndProject
Project("{9A19103F-16F7-4668-BE54-9A1E7A4F7556}") = "MH.Core", "MH.Core\MH.Core.csproj", "{173B3C0A-14E9-422B-B1DB-4AE7B44EF118}"
EndProject
Project("{9A19103F-16F7-4668-BE54-9A1E7A4F7556}") = "MH.Common", "MH.Common\MH.Common.csproj", "{DD0E64FC-F8F7-4200-AE52-F092A07A16AB}"
EndProject
Project("{9A19103F-16F7-4668-BE54-9A1E7A4F7556}") = "MH.WxApi", "MH.WxApi\MH.WxApi.csproj", "{83DBFDD3-6D8E-41B2-8ABB-60601A437EA8}"
EndProject
Project("{9A19103F-16F7-4668-BE54-9A1E7A4F7556}") = "MH.Models", "MH.Models\MH.Models.csproj", "{38FDBA22-3F12-4567-B0F4-4AF1F7EA0E14}"
EndProject
Project("{9A19103F-16F7-4668-BE54-9A1E7A4F7556}") = "MH.WxApiModels", "MH.WxApiModels\MH.WxApiModels.csproj", "{B20786A3-F7C0-495C-8959-9158C7659554}"
EndProject
Project("{2150E333-8FDC-42A3-9474-1A3956D46DE8}") = "Model.NetStandard2.0.3", "Model.NetStandard2.0.3", "{0D854934-018A-4732-BD39-134C141C2271}"
EndProject
Project("{9A19103F-16F7-4668-BE54-9A1E7A4F7556}") = "MH.Context", "MH.Context\MH.Context.csproj", "{C5DFC488-60AB-451E-B077-56DEF9C0EEC6}"
EndProject
Global
	GlobalSection(SolutionConfigurationPlatforms) = preSolution
		Debug|Any CPU = Debug|Any CPU
		Release|Any CPU = Release|Any CPU
	EndGlobalSection
	GlobalSection(ProjectConfigurationPlatforms) = postSolution
		{90594840-C23D-4E77-888E-2DD73AD230EC}.Debug|Any CPU.ActiveCfg = Debug|Any CPU
		{90594840-C23D-4E77-888E-2DD73AD230EC}.Debug|Any CPU.Build.0 = Debug|Any CPU
		{90594840-C23D-4E77-888E-2DD73AD230EC}.Release|Any CPU.ActiveCfg = Release|Any CPU
		{90594840-C23D-4E77-888E-2DD73AD230EC}.Release|Any CPU.Build.0 = Release|Any CPU
		{D146E63D-C2A7-4D32-BEE0-3DEF5DCBDBC3}.Debug|Any CPU.ActiveCfg = Debug|Any CPU
		{D146E63D-C2A7-4D32-BEE0-3DEF5DCBDBC3}.Debug|Any CPU.Build.0 = Debug|Any CPU
		{D146E63D-C2A7-4D32-BEE0-3DEF5DCBDBC3}.Release|Any CPU.ActiveCfg = Release|Any CPU
		{D146E63D-C2A7-4D32-BEE0-3DEF5DCBDBC3}.Release|Any CPU.Build.0 = Release|Any CPU
		{415C4950-F550-4B63-BB0E-EFBBADED0B12}.Debug|Any CPU.ActiveCfg = Debug|Any CPU
		{415C4950-F550-4B63-BB0E-EFBBADED0B12}.Debug|Any CPU.Build.0 = Debug|Any CPU
		{415C4950-F550-4B63-BB0E-EFBBADED0B12}.Release|Any CPU.ActiveCfg = Release|Any CPU
		{415C4950-F550-4B63-BB0E-EFBBADED0B12}.Release|Any CPU.Build.0 = Release|Any CPU
		{5EBE74B8-6892-44E9-A44D-F62EF55601F6}.Debug|Any CPU.ActiveCfg = Debug|Any CPU
		{5EBE74B8-6892-44E9-A44D-F62EF55601F6}.Debug|Any CPU.Build.0 = Debug|Any CPU
		{5EBE74B8-6892-44E9-A44D-F62EF55601F6}.Release|Any CPU.ActiveCfg = Release|Any CPU
		{5EBE74B8-6892-44E9-A44D-F62EF55601F6}.Release|Any CPU.Build.0 = Release|Any CPU
		{173B3C0A-14E9-422B-B1DB-4AE7B44EF118}.Debug|Any CPU.ActiveCfg = Debug|Any CPU
		{173B3C0A-14E9-422B-B1DB-4AE7B44EF118}.Debug|Any CPU.Build.0 = Debug|Any CPU
		{173B3C0A-14E9-422B-B1DB-4AE7B44EF118}.Release|Any CPU.ActiveCfg = Release|Any CPU
		{173B3C0A-14E9-422B-B1DB-4AE7B44EF118}.Release|Any CPU.Build.0 = Release|Any CPU
		{DD0E64FC-F8F7-4200-AE52-F092A07A16AB}.Debug|Any CPU.ActiveCfg = Debug|Any CPU
		{DD0E64FC-F8F7-4200-AE52-F092A07A16AB}.Debug|Any CPU.Build.0 = Debug|Any CPU
		{DD0E64FC-F8F7-4200-AE52-F092A07A16AB}.Release|Any CPU.ActiveCfg = Release|Any CPU
		{DD0E64FC-F8F7-4200-AE52-F092A07A16AB}.Release|Any CPU.Build.0 = Release|Any CPU
		{83DBFDD3-6D8E-41B2-8ABB-60601A437EA8}.Debug|Any CPU.ActiveCfg = Debug|Any CPU
		{83DBFDD3-6D8E-41B2-8ABB-60601A437EA8}.Debug|Any CPU.Build.0 = Debug|Any CPU
		{83DBFDD3-6D8E-41B2-8ABB-60601A437EA8}.Release|Any CPU.ActiveCfg = Release|Any CPU
		{83DBFDD3-6D8E-41B2-8ABB-60601A437EA8}.Release|Any CPU.Build.0 = Release|Any CPU
		{38FDBA22-3F12-4567-B0F4-4AF1F7EA0E14}.Debug|Any CPU.ActiveCfg = Debug|Any CPU
		{38FDBA22-3F12-4567-B0F4-4AF1F7EA0E14}.Debug|Any CPU.Build.0 = Debug|Any CPU
		{38FDBA22-3F12-4567-B0F4-4AF1F7EA0E14}.Release|Any CPU.ActiveCfg = Release|Any CPU
		{38FDBA22-3F12-4567-B0F4-4AF1F7EA0E14}.Release|Any CPU.Build.0 = Release|Any CPU
		{B20786A3-F7C0-495C-8959-9158C7659554}.Debug|Any CPU.ActiveCfg = Debug|Any CPU
		{B20786A3-F7C0-495C-8959-9158C7659554}.Debug|Any CPU.Build.0 = Debug|Any CPU
		{B20786A3-F7C0-495C-8959-9158C7659554}.Release|Any CPU.ActiveCfg = Release|Any CPU
		{B20786A3-F7C0-495C-8959-9158C7659554}.Release|Any CPU.Build.0 = Release|Any CPU
		{C5DFC488-60AB-451E-B077-56DEF9C0EEC6}.Debug|Any CPU.ActiveCfg = Debug|Any CPU
		{C5DFC488-60AB-451E-B077-56DEF9C0EEC6}.Debug|Any CPU.Build.0 = Debug|Any CPU
		{C5DFC488-60AB-451E-B077-56DEF9C0EEC6}.Release|Any CPU.ActiveCfg = Release|Any CPU
		{C5DFC488-60AB-451E-B077-56DEF9C0EEC6}.Release|Any CPU.Build.0 = Release|Any CPU
	EndGlobalSection
	GlobalSection(SolutionProperties) = preSolution
		HideSolutionNode = FALSE
	EndGlobalSection
	GlobalSection(NestedProjects) = preSolution
		{90594840-C23D-4E77-888E-2DD73AD230EC} = {E081ECC8-09D5-41E2-8C85-CA18C201CD5E}
		{D146E63D-C2A7-4D32-BEE0-3DEF5DCBDBC3} = {E081ECC8-09D5-41E2-8C85-CA18C201CD5E}
		{415C4950-F550-4B63-BB0E-EFBBADED0B12} = {E081ECC8-09D5-41E2-8C85-CA18C201CD5E}
		{5EBE74B8-6892-44E9-A44D-F62EF55601F6} = {7509050A-CF67-4826-8341-94F303E7EF9E}
		{173B3C0A-14E9-422B-B1DB-4AE7B44EF118} = {7509050A-CF67-4826-8341-94F303E7EF9E}
		{DD0E64FC-F8F7-4200-AE52-F092A07A16AB} = {7509050A-CF67-4826-8341-94F303E7EF9E}
		{83DBFDD3-6D8E-41B2-8ABB-60601A437EA8} = {7509050A-CF67-4826-8341-94F303E7EF9E}
		{38FDBA22-3F12-4567-B0F4-4AF1F7EA0E14} = {0D854934-018A-4732-BD39-134C141C2271}
		{B20786A3-F7C0-495C-8959-9158C7659554} = {0D854934-018A-4732-BD39-134C141C2271}
		{C5DFC488-60AB-451E-B077-56DEF9C0EEC6} = {2DAA8958-0EFF-4297-BAA5-0B1846980BB8}
	EndGlobalSection
	GlobalSection(ExtensibilityGlobals) = postSolution
		SolutionGuid = {41D764A5-A7B4-4195-83FA-B5E10CB6A394}
	EndGlobalSection
EndGlobal
